
Microsoft Visual Studio Solution File, Format Version 12.00
# Visual Studio 15
VisualStudioVersion = 15.0.27004.2005
MinimumVisualStudioVersion = 10.0.40219.1
Project("{FAE04EC0-301F-11D3-BF4B-00C04F79EFBC}") = "SICAU.QSS.Common", "SICAU.QSS.Common\SICAU.QSS.Common.csproj", "{91B6CD71-09FA-4DE1-9FAC-03240C30BFF4}"
EndProject
Project("{FAE04EC0-301F-11D3-BF4B-00C04F79EFBC}") = "SICAU.QSS.DAL", "SICAU.QSS.DAL\SICAU.QSS.DAL.csproj", "{17D84C9C-1C5E-4C1B-B8F6-CC696382A5B8}"
EndProject
Project("{FAE04EC0-301F-11D3-BF4B-00C04F79EFBC}") = "SICAU.QSS.BLL", "SICAU.QSS.BLL\SICAU.QSS.BLL.csproj", "{1FD3F9B3-1708-4B99-AB91-7DB318DBDA0C}"
EndProject
Project("{FAE04EC0-301F-11D3-BF4B-00C04F79EFBC}") = "SICAU.QSS.UI.Portal", "SICAU.QSS.UI.Portal\SICAU.QSS.UI.Portal.csproj", "{92644A6A-8B44-40FF-929F-8F4D267ECCDE}"
EndProject
Project("{FAE04EC0-301F-11D3-BF4B-00C04F79EFBC}") = "SICAU.QSS.Models", "SICAU.QSS.Models\SICAU.QSS.Models.csproj", "{05837DCC-C015-4E83-A49A-63B1791328E5}"
EndProject
Global
	GlobalSection(SolutionConfigurationPlatforms) = preSolution
		Debug|Any CPU = Debug|Any CPU
		JWDOWN|Any CPU = JWDOWN|Any CPU
		Release|Any CPU = Release|Any CPU
	EndGlobalSection
	GlobalSection(ProjectConfigurationPlatforms) = postSolution
		{91B6CD71-09FA-4DE1-9FAC-03240C30BFF4}.Debug|Any CPU.ActiveCfg = Debug|Any CPU
		{91B6CD71-09FA-4DE1-9FAC-03240C30BFF4}.Debug|Any CPU.Build.0 = Debug|Any CPU
		{91B6CD71-09FA-4DE1-9FAC-03240C30BFF4}.JWDOWN|Any CPU.ActiveCfg = JWDOWN|Any CPU
		{91B6CD71-09FA-4DE1-9FAC-03240C30BFF4}.JWDOWN|Any CPU.Build.0 = JWDOWN|Any CPU
		{91B6CD71-09FA-4DE1-9FAC-03240C30BFF4}.Release|Any CPU.ActiveCfg = Release|Any CPU
		{91B6CD71-09FA-4DE1-9FAC-03240C30BFF4}.Release|Any CPU.Build.0 = Release|Any CPU
		{17D84C9C-1C5E-4C1B-B8F6-CC696382A5B8}.Debug|Any CPU.ActiveCfg = Debug|Any CPU
		{17D84C9C-1C5E-4C1B-B8F6-CC696382A5B8}.Debug|Any CPU.Build.0 = Debug|Any CPU
		{17D84C9C-1C5E-4C1B-B8F6-CC696382A5B8}.JWDOWN|Any CPU.ActiveCfg = JWDOWN|Any CPU
		{17D84C9C-1C5E-4C1B-B8F6-CC696382A5B8}.JWDOWN|Any CPU.Build.0 = JWDOWN|Any CPU
		{17D84C9C-1C5E-4C1B-B8F6-CC696382A5B8}.Release|Any CPU.ActiveCfg = Release|Any CPU
		{17D84C9C-1C5E-4C1B-B8F6-CC696382A5B8}.Release|Any CPU.Build.0 = Release|Any CPU
		{1FD3F9B3-1708-4B99-AB91-7DB318DBDA0C}.Debug|Any CPU.ActiveCfg = Debug|Any CPU
		{1FD3F9B3-1708-4B99-AB91-7DB318DBDA0C}.Debug|Any CPU.Build.0 = Debug|Any CPU
		{1FD3F9B3-1708-4B99-AB91-7DB318DBDA0C}.JWDOWN|Any CPU.ActiveCfg = JWDOWN|Any CPU
		{1FD3F9B3-1708-4B99-AB91-7DB318DBDA0C}.JWDOWN|Any CPU.Build.0 = JWDOWN|Any CPU
		{1FD3F9B3-1708-4B99-AB91-7DB318DBDA0C}.Release|Any CPU.ActiveCfg = Release|Any CPU
		{1FD3F9B3-1708-4B99-AB91-7DB318DBDA0C}.Release|Any CPU.Build.0 = Release|Any CPU
		{92644A6A-8B44-40FF-929F-8F4D267ECCDE}.Debug|Any CPU.ActiveCfg = Debug|Any CPU
		{92644A6A-8B44-40FF-929F-8F4D267ECCDE}.Debug|Any CPU.Build.0 = Debug|Any CPU
		{92644A6A-8B44-40FF-929F-8F4D267ECCDE}.JWDOWN|Any CPU.ActiveCfg = JWDOWN|Any CPU
		{92644A6A-8B44-40FF-929F-8F4D267ECCDE}.JWDOWN|Any CPU.Build.0 = JWDOWN|Any CPU
		{92644A6A-8B44-40FF-929F-8F4D267ECCDE}.Release|Any CPU.ActiveCfg = Release|Any CPU
		{92644A6A-8B44-40FF-929F-8F4D267ECCDE}.Release|Any CPU.Build.0 = Release|Any CPU
		{05837DCC-C015-4E83-A49A-63B1791328E5}.Debug|Any CPU.ActiveCfg = Debug|Any CPU
		{05837DCC-C015-4E83-A49A-63B1791328E5}.Debug|Any CPU.Build.0 = Debug|Any CPU
		{05837DCC-C015-4E83-A49A-63B1791328E5}.JWDOWN|Any CPU.ActiveCfg = JWDOWN|Any CPU
		{05837DCC-C015-4E83-A49A-63B1791328E5}.JWDOWN|Any CPU.Build.0 = JWDOWN|Any CPU
		{05837DCC-C015-4E83-A49A-63B1791328E5}.Release|Any CPU.ActiveCfg = Release|Any CPU
		{05837DCC-C015-4E83-A49A-63B1791328E5}.Release|Any CPU.Build.0 = Release|Any CPU
	EndGlobalSection
	GlobalSection(SolutionProperties) = preSolution
		HideSolutionNode = FALSE
	EndGlobalSection
	GlobalSection(ExtensibilityGlobals) = postSolution
		SolutionGuid = {26062220-A7E8-4331-9EAD-A8BD566CB8AA}
	EndGlobalSection
EndGlobal
