
Microsoft Visual Studio Solution File, Format Version 12.00
# Visual Studio 15
VisualStudioVersion = 15.0.27004.2005
MinimumVisualStudioVersion = 10.0.40219.1
Project("{2150E333-8FDC-42A3-9474-1A3956D46DE8}") = "00 Model", "00 Model", "{B3D043C7-BF14-442C-938B-18647A3C37F1}"
EndProject
Project("{FAE04EC0-301F-11D3-BF4B-00C04F79EFBC}") = "SICAU.QSS.Model", "SICAU.QSS.Model\SICAU.QSS.Model.csproj", "{05837DCC-C015-4E83-A49A-63B1791328E5}"
EndProject
Project("{FAE04EC0-301F-11D3-BF4B-00C04F79EFBC}") = "SICAU.QSS.ModelFactory", "SICAU.QSS.ModelFactory\SICAU.QSS.ModelFactory.csproj", "{731CE112-1A09-4120-A080-EAF5EFF2A37D}"
EndProject
Project("{2150E333-8FDC-42A3-9474-1A3956D46DE8}") = "01 Common", "01 Common", "{C42B686B-67DB-4C5E-A7AF-53C0086AD233}"
EndProject
Project("{FAE04EC0-301F-11D3-BF4B-00C04F79EFBC}") = "SICAU.QSS.Common", "SICAU.QSS.Common\SICAU.QSS.Common.csproj", "{91B6CD71-09FA-4DE1-9FAC-03240C30BFF4}"
EndProject
Project("{2150E333-8FDC-42A3-9474-1A3956D46DE8}") = "02 DAL", "02 DAL", "{25CECE5D-BB84-4706-9DCC-E6AF9FAF2BEE}"
EndProject
Project("{FAE04EC0-301F-11D3-BF4B-00C04F79EFBC}") = "SICAU.QSS.DAL", "SICAU.QSS.DAL\SICAU.QSS.DAL.csproj", "{17D84C9C-1C5E-4C1B-B8F6-CC696382A5B8}"
EndProject
Project("{FAE04EC0-301F-11D3-BF4B-00C04F79EFBC}") = "SICAU.QSS.IDAL", "SICAU.QSS.IDAL\SICAU.QSS.IDAL.csproj", "{09A4CCB5-897A-46CB-952A-EF1ED14BACC2}"
EndProject
Project("{FAE04EC0-301F-11D3-BF4B-00C04F79EFBC}") = "SICAU.QSS.DALFactory", "SICAU.QSS.DALFactory\SICAU.QSS.DALFactory.csproj", "{B4388FEE-F202-4BD6-9935-6E233EE850AE}"
EndProject
Project("{2150E333-8FDC-42A3-9474-1A3956D46DE8}") = "03 BLL", "03 BLL", "{08490B34-8C5F-479D-B208-DF84AEA14B8F}"
EndProject
Project("{FAE04EC0-301F-11D3-BF4B-00C04F79EFBC}") = "SICAU.QSS.BLL", "SICAU.QSS.BLL\SICAU.QSS.BLL.csproj", "{1FD3F9B3-1708-4B99-AB91-7DB318DBDA0C}"
EndProject
Project("{FAE04EC0-301F-11D3-BF4B-00C04F79EFBC}") = "SICAU.QSS.IBLL", "SICAU.QSS.IBLL\SICAU.QSS.IBLL.csproj", "{361780FC-CCFA-4606-81ED-2C511A000E63}"
EndProject
Project("{FAE04EC0-301F-11D3-BF4B-00C04F79EFBC}") = "SICAU.QSS.BLLFactory", "SICAU.QSS.BLLFactory\SICAU.QSS.BLLFactory.csproj", "{CA3CA053-ABB7-482E-9B35-F5F7451E2353}"
EndProject
Project("{2150E333-8FDC-42A3-9474-1A3956D46DE8}") = "04 UI", "04 UI", "{D375D1C1-F06C-4985-9405-16170D081A49}"
EndProject
Project("{FAE04EC0-301F-11D3-BF4B-00C04F79EFBC}") = "SICAU.QSS.UI.Portal", "SICAU.QSS.UI.Portal\SICAU.QSS.UI.Portal.csproj", "{92644A6A-8B44-40FF-929F-8F4D267ECCDE}"
EndProject
Project("{FAE04EC0-301F-11D3-BF4B-00C04F79EFBC}") = "SICAU.QSS.BLLModel", "SICAU.QSS.BLLModel\SICAU.QSS.BLLModel.csproj", "{50021C29-E392-4869-9976-DC44C4B21E44}"
EndProject
Project("{2150E333-8FDC-42A3-9474-1A3956D46DE8}") = "06 部署说明", "06 部署说明", "{EC7D1EF5-24E2-4BC1-B6AF-0D9007AB214D}"
	ProjectSection(SolutionItems) = preProject
		readme.txt = readme.txt
	EndProjectSection
EndProject
Global
	GlobalSection(SolutionConfigurationPlatforms) = preSolution
		Debug|Any CPU = Debug|Any CPU
		Release|Any CPU = Release|Any CPU
	EndGlobalSection
	GlobalSection(ProjectConfigurationPlatforms) = postSolution
		{05837DCC-C015-4E83-A49A-63B1791328E5}.Debug|Any CPU.ActiveCfg = Debug|Any CPU
		{05837DCC-C015-4E83-A49A-63B1791328E5}.Debug|Any CPU.Build.0 = Debug|Any CPU
		{05837DCC-C015-4E83-A49A-63B1791328E5}.Release|Any CPU.ActiveCfg = Release|Any CPU
		{05837DCC-C015-4E83-A49A-63B1791328E5}.Release|Any CPU.Build.0 = Release|Any CPU
		{731CE112-1A09-4120-A080-EAF5EFF2A37D}.Debug|Any CPU.ActiveCfg = Debug|Any CPU
		{731CE112-1A09-4120-A080-EAF5EFF2A37D}.Debug|Any CPU.Build.0 = Debug|Any CPU
		{731CE112-1A09-4120-A080-EAF5EFF2A37D}.Release|Any CPU.ActiveCfg = Release|Any CPU
		{731CE112-1A09-4120-A080-EAF5EFF2A37D}.Release|Any CPU.Build.0 = Release|Any CPU
		{91B6CD71-09FA-4DE1-9FAC-03240C30BFF4}.Debug|Any CPU.ActiveCfg = Debug|Any CPU
		{91B6CD71-09FA-4DE1-9FAC-03240C30BFF4}.Debug|Any CPU.Build.0 = Debug|Any CPU
		{91B6CD71-09FA-4DE1-9FAC-03240C30BFF4}.Release|Any CPU.ActiveCfg = Release|Any CPU
		{91B6CD71-09FA-4DE1-9FAC-03240C30BFF4}.Release|Any CPU.Build.0 = Release|Any CPU
		{17D84C9C-1C5E-4C1B-B8F6-CC696382A5B8}.Debug|Any CPU.ActiveCfg = Debug|Any CPU
		{17D84C9C-1C5E-4C1B-B8F6-CC696382A5B8}.Debug|Any CPU.Build.0 = Debug|Any CPU
		{17D84C9C-1C5E-4C1B-B8F6-CC696382A5B8}.Release|Any CPU.ActiveCfg = Release|Any CPU
		{17D84C9C-1C5E-4C1B-B8F6-CC696382A5B8}.Release|Any CPU.Build.0 = Release|Any CPU
		{09A4CCB5-897A-46CB-952A-EF1ED14BACC2}.Debug|Any CPU.ActiveCfg = Debug|Any CPU
		{09A4CCB5-897A-46CB-952A-EF1ED14BACC2}.Debug|Any CPU.Build.0 = Debug|Any CPU
		{09A4CCB5-897A-46CB-952A-EF1ED14BACC2}.Release|Any CPU.ActiveCfg = Release|Any CPU
		{09A4CCB5-897A-46CB-952A-EF1ED14BACC2}.Release|Any CPU.Build.0 = Release|Any CPU
		{B4388FEE-F202-4BD6-9935-6E233EE850AE}.Debug|Any CPU.ActiveCfg = Debug|Any CPU
		{B4388FEE-F202-4BD6-9935-6E233EE850AE}.Debug|Any CPU.Build.0 = Debug|Any CPU
		{B4388FEE-F202-4BD6-9935-6E233EE850AE}.Release|Any CPU.ActiveCfg = Release|Any CPU
		{B4388FEE-F202-4BD6-9935-6E233EE850AE}.Release|Any CPU.Build.0 = Release|Any CPU
		{1FD3F9B3-1708-4B99-AB91-7DB318DBDA0C}.Debug|Any CPU.ActiveCfg = Debug|Any CPU
		{1FD3F9B3-1708-4B99-AB91-7DB318DBDA0C}.Debug|Any CPU.Build.0 = Debug|Any CPU
		{1FD3F9B3-1708-4B99-AB91-7DB318DBDA0C}.Release|Any CPU.ActiveCfg = Release|Any CPU
		{1FD3F9B3-1708-4B99-AB91-7DB318DBDA0C}.Release|Any CPU.Build.0 = Release|Any CPU
		{361780FC-CCFA-4606-81ED-2C511A000E63}.Debug|Any CPU.ActiveCfg = Debug|Any CPU
		{361780FC-CCFA-4606-81ED-2C511A000E63}.Debug|Any CPU.Build.0 = Debug|Any CPU
		{361780FC-CCFA-4606-81ED-2C511A000E63}.Release|Any CPU.ActiveCfg = Release|Any CPU
		{361780FC-CCFA-4606-81ED-2C511A000E63}.Release|Any CPU.Build.0 = Release|Any CPU
		{CA3CA053-ABB7-482E-9B35-F5F7451E2353}.Debug|Any CPU.ActiveCfg = Debug|Any CPU
		{CA3CA053-ABB7-482E-9B35-F5F7451E2353}.Debug|Any CPU.Build.0 = Debug|Any CPU
		{CA3CA053-ABB7-482E-9B35-F5F7451E2353}.Release|Any CPU.ActiveCfg = Release|Any CPU
		{CA3CA053-ABB7-482E-9B35-F5F7451E2353}.Release|Any CPU.Build.0 = Release|Any CPU
		{92644A6A-8B44-40FF-929F-8F4D267ECCDE}.Debug|Any CPU.ActiveCfg = Debug|Any CPU
		{92644A6A-8B44-40FF-929F-8F4D267ECCDE}.Debug|Any CPU.Build.0 = Debug|Any CPU
		{92644A6A-8B44-40FF-929F-8F4D267ECCDE}.Release|Any CPU.ActiveCfg = Release|Any CPU
		{92644A6A-8B44-40FF-929F-8F4D267ECCDE}.Release|Any CPU.Build.0 = Release|Any CPU
		{50021C29-E392-4869-9976-DC44C4B21E44}.Debug|Any CPU.ActiveCfg = Debug|Any CPU
		{50021C29-E392-4869-9976-DC44C4B21E44}.Debug|Any CPU.Build.0 = Debug|Any CPU
		{50021C29-E392-4869-9976-DC44C4B21E44}.Release|Any CPU.ActiveCfg = Release|Any CPU
		{50021C29-E392-4869-9976-DC44C4B21E44}.Release|Any CPU.Build.0 = Release|Any CPU
	EndGlobalSection
	GlobalSection(SolutionProperties) = preSolution
		HideSolutionNode = FALSE
	EndGlobalSection
	GlobalSection(NestedProjects) = preSolution
		{05837DCC-C015-4E83-A49A-63B1791328E5} = {B3D043C7-BF14-442C-938B-18647A3C37F1}
		{731CE112-1A09-4120-A080-EAF5EFF2A37D} = {B3D043C7-BF14-442C-938B-18647A3C37F1}
		{91B6CD71-09FA-4DE1-9FAC-03240C30BFF4} = {C42B686B-67DB-4C5E-A7AF-53C0086AD233}
		{17D84C9C-1C5E-4C1B-B8F6-CC696382A5B8} = {25CECE5D-BB84-4706-9DCC-E6AF9FAF2BEE}
		{09A4CCB5-897A-46CB-952A-EF1ED14BACC2} = {25CECE5D-BB84-4706-9DCC-E6AF9FAF2BEE}
		{B4388FEE-F202-4BD6-9935-6E233EE850AE} = {25CECE5D-BB84-4706-9DCC-E6AF9FAF2BEE}
		{1FD3F9B3-1708-4B99-AB91-7DB318DBDA0C} = {08490B34-8C5F-479D-B208-DF84AEA14B8F}
		{361780FC-CCFA-4606-81ED-2C511A000E63} = {08490B34-8C5F-479D-B208-DF84AEA14B8F}
		{CA3CA053-ABB7-482E-9B35-F5F7451E2353} = {08490B34-8C5F-479D-B208-DF84AEA14B8F}
		{92644A6A-8B44-40FF-929F-8F4D267ECCDE} = {D375D1C1-F06C-4985-9405-16170D081A49}
		{50021C29-E392-4869-9976-DC44C4B21E44} = {08490B34-8C5F-479D-B208-DF84AEA14B8F}
	EndGlobalSection
	GlobalSection(ExtensibilityGlobals) = postSolution
		SolutionGuid = {26062220-A7E8-4331-9EAD-A8BD566CB8AA}
	EndGlobalSection
EndGlobal
